// !$*UTF8*$!
{
	archiveVersion = 1;
	classes = {
	};
	objectVersion = 50;
	objects = {

/* Begin PBXBuildFile section */
		B4972D5B26FE533D0084D489 /* Utils.swift in Sources */ = {isa = PBXBuildFile; fileRef = B4972D5A26FE533D0084D489 /* Utils.swift */; };
		B4B7EC1426FF03A200BD4DC5 /* CochesModel.swift in Sources */ = {isa = PBXBuildFile; fileRef = B4B7EC1326FF03A200BD4DC5 /* CochesModel.swift */; };
		B4B7EC1726FF05BD00BD4DC5 /* ListaCochesViewController.swift in Sources */ = {isa = PBXBuildFile; fileRef = B4B7EC1626FF05BD00BD4DC5 /* ListaCochesViewController.swift */; };
		B4B7EC1926FF05F100BD4DC5 /* ListaCochesViewController.xib in Resources */ = {isa = PBXBuildFile; fileRef = B4B7EC1826FF05F100BD4DC5 /* ListaCochesViewController.xib */; };
		B4B7EC1D26FF070300BD4DC5 /* HomeTabBarViewController.swift in Sources */ = {isa = PBXBuildFile; fileRef = B4B7EC1B26FF070300BD4DC5 /* HomeTabBarViewController.swift */; };
		B4B7EC1E26FF070300BD4DC5 /* HomeTabBarViewController.xib in Resources */ = {isa = PBXBuildFile; fileRef = B4B7EC1C26FF070300BD4DC5 /* HomeTabBarViewController.xib */; };
		B4B7EC2026FF0C8F00BD4DC5 /* ListaMesesCoordinator.swift in Sources */ = {isa = PBXBuildFile; fileRef = B4B7EC1F26FF0C8F00BD4DC5 /* ListaMesesCoordinator.swift */; };
		B4B7EC2426FF0F8C00BD4DC5 /* CochesCell.swift in Sources */ = {isa = PBXBuildFile; fileRef = B4B7EC2226FF0F8C00BD4DC5 /* CochesCell.swift */; };
		B4B7EC2526FF0F8C00BD4DC5 /* CochesCell.xib in Resources */ = {isa = PBXBuildFile; fileRef = B4B7EC2326FF0F8C00BD4DC5 /* CochesCell.xib */; };
		B4B7EC2926FF18DD00BD4DC5 /* ListaCochesCoordinator.swift in Sources */ = {isa = PBXBuildFile; fileRef = B4B7EC2826FF18DD00BD4DC5 /* ListaCochesCoordinator.swift */; };
		B4B7EC2D26FF1ABD00BD4DC5 /* DetalleLIstaMesesViewController.swift in Sources */ = {isa = PBXBuildFile; fileRef = B4B7EC2B26FF1ABD00BD4DC5 /* DetalleLIstaMesesViewController.swift */; };
		B4B7EC2E26FF1ABD00BD4DC5 /* DetalleLIstaMesesViewController.xib in Resources */ = {isa = PBXBuildFile; fileRef = B4B7EC2C26FF1ABD00BD4DC5 /* DetalleLIstaMesesViewController.xib */; };
		B4B7EC3026FF250200BD4DC5 /* HomeTabBarCoordinator.swift in Sources */ = {isa = PBXBuildFile; fileRef = B4B7EC2F26FF250200BD4DC5 /* HomeTabBarCoordinator.swift */; };
		B4B7EC3426FF276700BD4DC5 /* PerfilViewController.swift in Sources */ = {isa = PBXBuildFile; fileRef = B4B7EC3226FF276700BD4DC5 /* PerfilViewController.swift */; };
		B4B7EC3526FF276700BD4DC5 /* PerfilViewController.xib in Resources */ = {isa = PBXBuildFile; fileRef = B4B7EC3326FF276700BD4DC5 /* PerfilViewController.xib */; };
		B4B7EC3726FF27CE00BD4DC5 /* PerfilViewCoordinator.swift in Sources */ = {isa = PBXBuildFile; fileRef = B4B7EC3626FF27CE00BD4DC5 /* PerfilViewCoordinator.swift */; };
		B4B7EC3B26FF2B8D00BD4DC5 /* PerfilCell.swift in Sources */ = {isa = PBXBuildFile; fileRef = B4B7EC3926FF2B8D00BD4DC5 /* PerfilCell.swift */; };
		B4B7EC3C26FF2B8D00BD4DC5 /* PerfilCell.xib in Resources */ = {isa = PBXBuildFile; fileRef = B4B7EC3A26FF2B8D00BD4DC5 /* PerfilCell.xib */; };
		B4B7EC3F26FF2BA500BD4DC5 /* PostsCell.swift in Sources */ = {isa = PBXBuildFile; fileRef = B4B7EC3D26FF2BA500BD4DC5 /* PostsCell.swift */; };
		B4B7EC4026FF2BA500BD4DC5 /* PostsCell.xib in Resources */ = {isa = PBXBuildFile; fileRef = B4B7EC3E26FF2BA500BD4DC5 /* PostsCell.xib */; };
		B4C4AAFF26FE186300A74C12 /* AppDelegate.swift in Sources */ = {isa = PBXBuildFile; fileRef = B4C4AAFE26FE186300A74C12 /* AppDelegate.swift */; };
		B4C4AB0826FE186400A74C12 /* Assets.xcassets in Resources */ = {isa = PBXBuildFile; fileRef = B4C4AB0726FE186400A74C12 /* Assets.xcassets */; };
		B4C4AB0B26FE186400A74C12 /* LaunchScreen.storyboard in Resources */ = {isa = PBXBuildFile; fileRef = B4C4AB0926FE186400A74C12 /* LaunchScreen.storyboard */; };
		B4C4AB1A26FE19E900A74C12 /* ListaMesesViewController.swift in Sources */ = {isa = PBXBuildFile; fileRef = B4C4AB1826FE19E900A74C12 /* ListaMesesViewController.swift */; };
		B4C4AB1B26FE19E900A74C12 /* ListaMesesViewController.xib in Resources */ = {isa = PBXBuildFile; fileRef = B4C4AB1926FE19E900A74C12 /* ListaMesesViewController.xib */; };
		B4C4AB1E26FE1B1500A74C12 /* AppCoreCoordinator.swift in Sources */ = {isa = PBXBuildFile; fileRef = B4C4AB1D26FE1B1500A74C12 /* AppCoreCoordinator.swift */; };
		B4C4AB2526FE26AE00A74C12 /* MesesCell.swift in Sources */ = {isa = PBXBuildFile; fileRef = B4C4AB2326FE26AE00A74C12 /* MesesCell.swift */; };
		B4C4AB2626FE26AE00A74C12 /* MesesCell.xib in Resources */ = {isa = PBXBuildFile; fileRef = B4C4AB2426FE26AE00A74C12 /* MesesCell.xib */; };
		B4D0DA8227075F3E00C93936 /* UserData.swift in Sources */ = {isa = PBXBuildFile; fileRef = B4D0DA8127075F3E00C93936 /* UserData.swift */; };
/* End PBXBuildFile section */

/* Begin PBXFileReference section */
		B4972D5A26FE533D0084D489 /* Utils.swift */ = {isa = PBXFileReference; lastKnownFileType = sourcecode.swift; path = Utils.swift; sourceTree = "<group>"; };
		B4B7EC1326FF03A200BD4DC5 /* CochesModel.swift */ = {isa = PBXFileReference; lastKnownFileType = sourcecode.swift; path = CochesModel.swift; sourceTree = "<group>"; };
		B4B7EC1626FF05BD00BD4DC5 /* ListaCochesViewController.swift */ = {isa = PBXFileReference; lastKnownFileType = sourcecode.swift; path = ListaCochesViewController.swift; sourceTree = "<group>"; };
		B4B7EC1826FF05F100BD4DC5 /* ListaCochesViewController.xib */ = {isa = PBXFileReference; lastKnownFileType = file.xib; path = ListaCochesViewController.xib; sourceTree = "<group>"; };
		B4B7EC1B26FF070300BD4DC5 /* HomeTabBarViewController.swift */ = {isa = PBXFileReference; lastKnownFileType = sourcecode.swift; path = HomeTabBarViewController.swift; sourceTree = "<group>"; };
		B4B7EC1C26FF070300BD4DC5 /* HomeTabBarViewController.xib */ = {isa = PBXFileReference; lastKnownFileType = file.xib; path = HomeTabBarViewController.xib; sourceTree = "<group>"; };
		B4B7EC1F26FF0C8F00BD4DC5 /* ListaMesesCoordinator.swift */ = {isa = PBXFileReference; lastKnownFileType = sourcecode.swift; path = ListaMesesCoordinator.swift; sourceTree = "<group>"; };
		B4B7EC2226FF0F8C00BD4DC5 /* CochesCell.swift */ = {isa = PBXFileReference; lastKnownFileType = sourcecode.swift; path = CochesCell.swift; sourceTree = "<group>"; };
		B4B7EC2326FF0F8C00BD4DC5 /* CochesCell.xib */ = {isa = PBXFileReference; lastKnownFileType = file.xib; path = CochesCell.xib; sourceTree = "<group>"; };
		B4B7EC2826FF18DD00BD4DC5 /* ListaCochesCoordinator.swift */ = {isa = PBXFileReference; lastKnownFileType = sourcecode.swift; path = ListaCochesCoordinator.swift; sourceTree = "<group>"; };
		B4B7EC2B26FF1ABD00BD4DC5 /* DetalleLIstaMesesViewController.swift */ = {isa = PBXFileReference; lastKnownFileType = sourcecode.swift; path = DetalleLIstaMesesViewController.swift; sourceTree = "<group>"; };
		B4B7EC2C26FF1ABD00BD4DC5 /* DetalleLIstaMesesViewController.xib */ = {isa = PBXFileReference; lastKnownFileType = file.xib; path = DetalleLIstaMesesViewController.xib; sourceTree = "<group>"; };
		B4B7EC2F26FF250200BD4DC5 /* HomeTabBarCoordinator.swift */ = {isa = PBXFileReference; lastKnownFileType = sourcecode.swift; path = HomeTabBarCoordinator.swift; sourceTree = "<group>"; };
		B4B7EC3226FF276700BD4DC5 /* PerfilViewController.swift */ = {isa = PBXFileReference; lastKnownFileType = sourcecode.swift; path = PerfilViewController.swift; sourceTree = "<group>"; };
		B4B7EC3326FF276700BD4DC5 /* PerfilViewController.xib */ = {isa = PBXFileReference; lastKnownFileType = file.xib; path = PerfilViewController.xib; sourceTree = "<group>"; };
		B4B7EC3626FF27CE00BD4DC5 /* PerfilViewCoordinator.swift */ = {isa = PBXFileReference; lastKnownFileType = sourcecode.swift; path = PerfilViewCoordinator.swift; sourceTree = "<group>"; };
		B4B7EC3926FF2B8D00BD4DC5 /* PerfilCell.swift */ = {isa = PBXFileReference; lastKnownFileType = sourcecode.swift; path = PerfilCell.swift; sourceTree = "<group>"; };
		B4B7EC3A26FF2B8D00BD4DC5 /* PerfilCell.xib */ = {isa = PBXFileReference; lastKnownFileType = file.xib; path = PerfilCell.xib; sourceTree = "<group>"; };
		B4B7EC3D26FF2BA500BD4DC5 /* PostsCell.swift */ = {isa = PBXFileReference; lastKnownFileType = sourcecode.swift; path = PostsCell.swift; sourceTree = "<group>"; };
		B4B7EC3E26FF2BA500BD4DC5 /* PostsCell.xib */ = {isa = PBXFileReference; lastKnownFileType = file.xib; path = PostsCell.xib; sourceTree = "<group>"; };
		B4C4AAFB26FE186300A74C12 /* AppTableViewIntro.app */ = {isa = PBXFileReference; explicitFileType = wrapper.application; includeInIndex = 0; path = AppTableViewIntro.app; sourceTree = BUILT_PRODUCTS_DIR; };
		B4C4AAFE26FE186300A74C12 /* AppDelegate.swift */ = {isa = PBXFileReference; lastKnownFileType = sourcecode.swift; path = AppDelegate.swift; sourceTree = "<group>"; };
		B4C4AB0726FE186400A74C12 /* Assets.xcassets */ = {isa = PBXFileReference; lastKnownFileType = folder.assetcatalog; path = Assets.xcassets; sourceTree = "<group>"; };
		B4C4AB0A26FE186400A74C12 /* Base */ = {isa = PBXFileReference; lastKnownFileType = file.storyboard; name = Base; path = Base.lproj/LaunchScreen.storyboard; sourceTree = "<group>"; };
		B4C4AB0C26FE186400A74C12 /* Info.plist */ = {isa = PBXFileReference; lastKnownFileType = text.plist.xml; path = Info.plist; sourceTree = "<group>"; };
		B4C4AB1826FE19E900A74C12 /* ListaMesesViewController.swift */ = {isa = PBXFileReference; lastKnownFileType = sourcecode.swift; path = ListaMesesViewController.swift; sourceTree = "<group>"; };
		B4C4AB1926FE19E900A74C12 /* ListaMesesViewController.xib */ = {isa = PBXFileReference; lastKnownFileType = file.xib; path = ListaMesesViewController.xib; sourceTree = "<group>"; };
		B4C4AB1D26FE1B1500A74C12 /* AppCoreCoordinator.swift */ = {isa = PBXFileReference; lastKnownFileType = sourcecode.swift; path = AppCoreCoordinator.swift; sourceTree = "<group>"; };
		B4C4AB2326FE26AE00A74C12 /* MesesCell.swift */ = {isa = PBXFileReference; lastKnownFileType = sourcecode.swift; path = MesesCell.swift; sourceTree = "<group>"; };
		B4C4AB2426FE26AE00A74C12 /* MesesCell.xib */ = {isa = PBXFileReference; lastKnownFileType = file.xib; path = MesesCell.xib; sourceTree = "<group>"; };
		B4D0DA8127075F3E00C93936 /* UserData.swift */ = {isa = PBXFileReference; lastKnownFileType = sourcecode.swift; path = UserData.swift; sourceTree = "<group>"; };
/* End PBXFileReference section */

/* Begin PBXFrameworksBuildPhase section */
		B4C4AAF826FE186300A74C12 /* Frameworks */ = {
			isa = PBXFrameworksBuildPhase;
			buildActionMask = 2147483647;
			files = (
			);
			runOnlyForDeploymentPostprocessing = 0;
		};
/* End PBXFrameworksBuildPhase section */

/* Begin PBXGroup section */
		B4972D5926FE53050084D489 /* Utils+Helpers */ = {
			isa = PBXGroup;
			children = (
				B4972D5A26FE533D0084D489 /* Utils.swift */,
			);
			path = "Utils+Helpers";
			sourceTree = "<group>";
		};
		B4B7EC1226FF034100BD4DC5 /* Models */ = {
			isa = PBXGroup;
			children = (
				B4B7EC1326FF03A200BD4DC5 /* CochesModel.swift */,
				B4D0DA8127075F3E00C93936 /* UserData.swift */,
			);
			path = Models;
			sourceTree = "<group>";
		};
		B4B7EC1526FF058500BD4DC5 /* CochesListaView */ = {
			isa = PBXGroup;
			children = (
				B4B7EC2126FF0F6600BD4DC5 /* Cell */,
				B4B7EC1626FF05BD00BD4DC5 /* ListaCochesViewController.swift */,
				B4B7EC1826FF05F100BD4DC5 /* ListaCochesViewController.xib */,
				B4B7EC2826FF18DD00BD4DC5 /* ListaCochesCoordinator.swift */,
			);
			path = CochesListaView;
			sourceTree = "<group>";
		};
		B4B7EC1A26FF06D300BD4DC5 /* HomeTabBarView */ = {
			isa = PBXGroup;
			children = (
				B4B7EC1B26FF070300BD4DC5 /* HomeTabBarViewController.swift */,
				B4B7EC1C26FF070300BD4DC5 /* HomeTabBarViewController.xib */,
				B4B7EC2F26FF250200BD4DC5 /* HomeTabBarCoordinator.swift */,
			);
			path = HomeTabBarView;
			sourceTree = "<group>";
		};
		B4B7EC2126FF0F6600BD4DC5 /* Cell */ = {
			isa = PBXGroup;
			children = (
				B4B7EC2226FF0F8C00BD4DC5 /* CochesCell.swift */,
				B4B7EC2326FF0F8C00BD4DC5 /* CochesCell.xib */,
			);
			path = Cell;
			sourceTree = "<group>";
		};
		B4B7EC2A26FF1A9D00BD4DC5 /* DetalleListaMesesView */ = {
			isa = PBXGroup;
			children = (
				B4B7EC2B26FF1ABD00BD4DC5 /* DetalleLIstaMesesViewController.swift */,
				B4B7EC2C26FF1ABD00BD4DC5 /* DetalleLIstaMesesViewController.xib */,
			);
			path = DetalleListaMesesView;
			sourceTree = "<group>";
		};
		B4B7EC3126FF275100BD4DC5 /* PerfilView */ = {
			isa = PBXGroup;
			children = (
				B4B7EC3826FF2B7200BD4DC5 /* Cell */,
				B4B7EC3226FF276700BD4DC5 /* PerfilViewController.swift */,
				B4B7EC3326FF276700BD4DC5 /* PerfilViewController.xib */,
				B4B7EC3626FF27CE00BD4DC5 /* PerfilViewCoordinator.swift */,
			);
			path = PerfilView;
			sourceTree = "<group>";
		};
		B4B7EC3826FF2B7200BD4DC5 /* Cell */ = {
			isa = PBXGroup;
			children = (
				B4B7EC3926FF2B8D00BD4DC5 /* PerfilCell.swift */,
				B4B7EC3A26FF2B8D00BD4DC5 /* PerfilCell.xib */,
				B4B7EC3D26FF2BA500BD4DC5 /* PostsCell.swift */,
				B4B7EC3E26FF2BA500BD4DC5 /* PostsCell.xib */,
			);
			path = Cell;
			sourceTree = "<group>";
		};
		B4C4AAF226FE186300A74C12 = {
			isa = PBXGroup;
			children = (
				B4C4AAFD26FE186300A74C12 /* AppTableViewIntro */,
				B4C4AAFC26FE186300A74C12 /* Products */,
			);
			sourceTree = "<group>";
		};
		B4C4AAFC26FE186300A74C12 /* Products */ = {
			isa = PBXGroup;
			children = (
				B4C4AAFB26FE186300A74C12 /* AppTableViewIntro.app */,
			);
			name = Products;
			sourceTree = "<group>";
		};
		B4C4AAFD26FE186300A74C12 /* AppTableViewIntro */ = {
			isa = PBXGroup;
			children = (
				B4B7EC1226FF034100BD4DC5 /* Models */,
				B4972D5926FE53050084D489 /* Utils+Helpers */,
				B4C4AB1626FE195600A74C12 /* Modules */,
				B4C4AB1526FE194B00A74C12 /* Core */,
				B4C4AB0726FE186400A74C12 /* Assets.xcassets */,
				B4C4AB0926FE186400A74C12 /* LaunchScreen.storyboard */,
				B4C4AB0C26FE186400A74C12 /* Info.plist */,
			);
			path = AppTableViewIntro;
			sourceTree = "<group>";
		};
		B4C4AB1526FE194B00A74C12 /* Core */ = {
			isa = PBXGroup;
			children = (
				B4C4AAFE26FE186300A74C12 /* AppDelegate.swift */,
				B4C4AB1D26FE1B1500A74C12 /* AppCoreCoordinator.swift */,
			);
			path = Core;
			sourceTree = "<group>";
		};
		B4C4AB1626FE195600A74C12 /* Modules */ = {
			isa = PBXGroup;
			children = (
				B4C4AB1726FE195F00A74C12 /* Sections */,
			);
			path = Modules;
			sourceTree = "<group>";
		};
		B4C4AB1726FE195F00A74C12 /* Sections */ = {
			isa = PBXGroup;
			children = (
				B4B7EC3126FF275100BD4DC5 /* PerfilView */,
				B4B7EC2A26FF1A9D00BD4DC5 /* DetalleListaMesesView */,
				B4B7EC1A26FF06D300BD4DC5 /* HomeTabBarView */,
				B4B7EC1526FF058500BD4DC5 /* CochesListaView */,
				B4C4AB2126FE265800A74C12 /* ListaView */,
			);
			path = Sections;
			sourceTree = "<group>";
		};
		B4C4AB2126FE265800A74C12 /* ListaView */ = {
			isa = PBXGroup;
			children = (
				B4C4AB2226FE266700A74C12 /* Cell */,
				B4C4AB1826FE19E900A74C12 /* ListaMesesViewController.swift */,
				B4C4AB1926FE19E900A74C12 /* ListaMesesViewController.xib */,
				B4B7EC1F26FF0C8F00BD4DC5 /* ListaMesesCoordinator.swift */,
			);
			path = ListaView;
			sourceTree = "<group>";
		};
		B4C4AB2226FE266700A74C12 /* Cell */ = {
			isa = PBXGroup;
			children = (
				B4C4AB2326FE26AE00A74C12 /* MesesCell.swift */,
				B4C4AB2426FE26AE00A74C12 /* MesesCell.xib */,
			);
			path = Cell;
			sourceTree = "<group>";
		};
/* End PBXGroup section */

/* Begin PBXNativeTarget section */
		B4C4AAFA26FE186300A74C12 /* AppTableViewIntro */ = {
			isa = PBXNativeTarget;
			buildConfigurationList = B4C4AB0F26FE186400A74C12 /* Build configuration list for PBXNativeTarget "AppTableViewIntro" */;
			buildPhases = (
				B4C4AAF726FE186300A74C12 /* Sources */,
				B4C4AAF826FE186300A74C12 /* Frameworks */,
				B4C4AAF926FE186300A74C12 /* Resources */,
			);
			buildRules = (
			);
			dependencies = (
			);
			name = AppTableViewIntro;
			productName = AppTableViewIntro;
			productReference = B4C4AAFB26FE186300A74C12 /* AppTableViewIntro.app */;
			productType = "com.apple.product-type.application";
		};
/* End PBXNativeTarget section */

/* Begin PBXProject section */
		B4C4AAF326FE186300A74C12 /* Project object */ = {
			isa = PBXProject;
			attributes = {
				LastSwiftUpdateCheck = 1240;
				LastUpgradeCheck = 1240;
				TargetAttributes = {
					B4C4AAFA26FE186300A74C12 = {
						CreatedOnToolsVersion = 12.4;
					};
				};
			};
			buildConfigurationList = B4C4AAF626FE186300A74C12 /* Build configuration list for PBXProject "AppTableViewIntro" */;
			compatibilityVersion = "Xcode 9.3";
			developmentRegion = en;
			hasScannedForEncodings = 0;
			knownRegions = (
				en,
				Base,
			);
			mainGroup = B4C4AAF226FE186300A74C12;
			productRefGroup = B4C4AAFC26FE186300A74C12 /* Products */;
			projectDirPath = "";
			projectRoot = "";
			targets = (
				B4C4AAFA26FE186300A74C12 /* AppTableViewIntro */,
			);
		};
/* End PBXProject section */

/* Begin PBXResourcesBuildPhase section */
		B4C4AAF926FE186300A74C12 /* Resources */ = {
			isa = PBXResourcesBuildPhase;
			buildActionMask = 2147483647;
			files = (
				B4B7EC2E26FF1ABD00BD4DC5 /* DetalleLIstaMesesViewController.xib in Resources */,
				B4B7EC3526FF276700BD4DC5 /* PerfilViewController.xib in Resources */,
				B4B7EC4026FF2BA500BD4DC5 /* PostsCell.xib in Resources */,
				B4C4AB0B26FE186400A74C12 /* LaunchScreen.storyboard in Resources */,
				B4B7EC1E26FF070300BD4DC5 /* HomeTabBarViewController.xib in Resources */,
				B4C4AB0826FE186400A74C12 /* Assets.xcassets in Resources */,
				B4B7EC3C26FF2B8D00BD4DC5 /* PerfilCell.xib in Resources */,
				B4B7EC2526FF0F8C00BD4DC5 /* CochesCell.xib in Resources */,
				B4C4AB1B26FE19E900A74C12 /* ListaMesesViewController.xib in Resources */,
				B4B7EC1926FF05F100BD4DC5 /* ListaCochesViewController.xib in Resources */,
				B4C4AB2626FE26AE00A74C12 /* MesesCell.xib in Resources */,
			);
			runOnlyForDeploymentPostprocessing = 0;
		};
/* End PBXResourcesBuildPhase section */

/* Begin PBXSourcesBuildPhase section */
		B4C4AAF726FE186300A74C12 /* Sources */ = {
			isa = PBXSourcesBuildPhase;
			buildActionMask = 2147483647;
			files = (
				B4B7EC3026FF250200BD4DC5 /* HomeTabBarCoordinator.swift in Sources */,
				B4B7EC2D26FF1ABD00BD4DC5 /* DetalleLIstaMesesViewController.swift in Sources */,
				B4B7EC1426FF03A200BD4DC5 /* CochesModel.swift in Sources */,
				B4B7EC3726FF27CE00BD4DC5 /* PerfilViewCoordinator.swift in Sources */,
				B4972D5B26FE533D0084D489 /* Utils.swift in Sources */,
				B4C4AB1A26FE19E900A74C12 /* ListaMesesViewController.swift in Sources */,
				B4B7EC3F26FF2BA500BD4DC5 /* PostsCell.swift in Sources */,
				B4C4AAFF26FE186300A74C12 /* AppDelegate.swift in Sources */,
				B4B7EC2426FF0F8C00BD4DC5 /* CochesCell.swift in Sources */,
				B4C4AB1E26FE1B1500A74C12 /* AppCoreCoordinator.swift in Sources */,
				B4B7EC1D26FF070300BD4DC5 /* HomeTabBarViewController.swift in Sources */,
				B4C4AB2526FE26AE00A74C12 /* MesesCell.swift in Sources */,
				B4D0DA8227075F3E00C93936 /* UserData.swift in Sources */,
				B4B7EC2926FF18DD00BD4DC5 /* ListaCochesCoordinator.swift in Sources */,
				B4B7EC1726FF05BD00BD4DC5 /* ListaCochesViewController.swift in Sources */,
				B4B7EC3B26FF2B8D00BD4DC5 /* PerfilCell.swift in Sources */,
				B4B7EC3426FF276700BD4DC5 /* PerfilViewController.swift in Sources */,
				B4B7EC2026FF0C8F00BD4DC5 /* ListaMesesCoordinator.swift in Sources */,
			);
			runOnlyForDeploymentPostprocessing = 0;
		};
/* End PBXSourcesBuildPhase section */

/* Begin PBXVariantGroup section */
		B4C4AB0926FE186400A74C12 /* LaunchScreen.storyboard */ = {
			isa = PBXVariantGroup;
			children = (
				B4C4AB0A26FE186400A74C12 /* Base */,
			);
			name = LaunchScreen.storyboard;
			sourceTree = "<group>";
		};
/* End PBXVariantGroup section */

/* Begin XCBuildConfiguration section */
		B4C4AB0D26FE186400A74C12 /* Debug */ = {
			isa = XCBuildConfiguration;
			buildSettings = {
				ALWAYS_SEARCH_USER_PATHS = NO;
				CLANG_ANALYZER_NONNULL = YES;
				CLANG_ANALYZER_NUMBER_OBJECT_CONVERSION = YES_AGGRESSIVE;
				CLANG_CXX_LANGUAGE_STANDARD = "gnu++14";
				CLANG_CXX_LIBRARY = "libc++";
				CLANG_ENABLE_MODULES = YES;
				CLANG_ENABLE_OBJC_ARC = YES;
				CLANG_ENABLE_OBJC_WEAK = YES;
				CLANG_WARN_BLOCK_CAPTURE_AUTORELEASING = YES;
				CLANG_WARN_BOOL_CONVERSION = YES;
				CLANG_WARN_COMMA = YES;
				CLANG_WARN_CONSTANT_CONVERSION = YES;
				CLANG_WARN_DEPRECATED_OBJC_IMPLEMENTATIONS = YES;
				CLANG_WARN_DIRECT_OBJC_ISA_USAGE = YES_ERROR;
				CLANG_WARN_DOCUMENTATION_COMMENTS = YES;
				CLANG_WARN_EMPTY_BODY = YES;
				CLANG_WARN_ENUM_CONVERSION = YES;
				CLANG_WARN_INFINITE_RECURSION = YES;
				CLANG_WARN_INT_CONVERSION = YES;
				CLANG_WARN_NON_LITERAL_NULL_CONVERSION = YES;
				CLANG_WARN_OBJC_IMPLICIT_RETAIN_SELF = YES;
				CLANG_WARN_OBJC_LITERAL_CONVERSION = YES;
				CLANG_WARN_OBJC_ROOT_CLASS = YES_ERROR;
				CLANG_WARN_QUOTED_INCLUDE_IN_FRAMEWORK_HEADER = YES;
				CLANG_WARN_RANGE_LOOP_ANALYSIS = YES;
				CLANG_WARN_STRICT_PROTOTYPES = YES;
				CLANG_WARN_SUSPICIOUS_MOVE = YES;
				CLANG_WARN_UNGUARDED_AVAILABILITY = YES_AGGRESSIVE;
				CLANG_WARN_UNREACHABLE_CODE = YES;
				CLANG_WARN__DUPLICATE_METHOD_MATCH = YES;
				COPY_PHASE_STRIP = NO;
				DEBUG_INFORMATION_FORMAT = dwarf;
				ENABLE_STRICT_OBJC_MSGSEND = YES;
				ENABLE_TESTABILITY = YES;
				GCC_C_LANGUAGE_STANDARD = gnu11;
				GCC_DYNAMIC_NO_PIC = NO;
				GCC_NO_COMMON_BLOCKS = YES;
				GCC_OPTIMIZATION_LEVEL = 0;
				GCC_PREPROCESSOR_DEFINITIONS = (
					"DEBUG=1",
					"$(inherited)",
				);
				GCC_WARN_64_TO_32_BIT_CONVERSION = YES;
				GCC_WARN_ABOUT_RETURN_TYPE = YES_ERROR;
				GCC_WARN_UNDECLARED_SELECTOR = YES;
				GCC_WARN_UNINITIALIZED_AUTOS = YES_AGGRESSIVE;
				GCC_WARN_UNUSED_FUNCTION = YES;
				GCC_WARN_UNUSED_VARIABLE = YES;
				IPHONEOS_DEPLOYMENT_TARGET = 14.4;
				MTL_ENABLE_DEBUG_INFO = INCLUDE_SOURCE;
				MTL_FAST_MATH = YES;
				ONLY_ACTIVE_ARCH = YES;
				SDKROOT = iphoneos;
				SWIFT_ACTIVE_COMPILATION_CONDITIONS = DEBUG;
				SWIFT_OPTIMIZATION_LEVEL = "-Onone";
			};
			name = Debug;
		};
		B4C4AB0E26FE186400A74C12 /* Release */ = {
			isa = XCBuildConfiguration;
			buildSettings = {
				ALWAYS_SEARCH_USER_PATHS = NO;
				CLANG_ANALYZER_NONNULL = YES;
				CLANG_ANALYZER_NUMBER_OBJECT_CONVERSION = YES_AGGRESSIVE;
				CLANG_CXX_LANGUAGE_STANDARD = "gnu++14";
				CLANG_CXX_LIBRARY = "libc++";
				CLANG_ENABLE_MODULES = YES;
				CLANG_ENABLE_OBJC_ARC = YES;
				CLANG_ENABLE_OBJC_WEAK = YES;
				CLANG_WARN_BLOCK_CAPTURE_AUTORELEASING = YES;
				CLANG_WARN_BOOL_CONVERSION = YES;
				CLANG_WARN_COMMA = YES;
				CLANG_WARN_CONSTANT_CONVERSION = YES;
				CLANG_WARN_DEPRECATED_OBJC_IMPLEMENTATIONS = YES;
				CLANG_WARN_DIRECT_OBJC_ISA_USAGE = YES_ERROR;
				CLANG_WARN_DOCUMENTATION_COMMENTS = YES;
				CLANG_WARN_EMPTY_BODY = YES;
				CLANG_WARN_ENUM_CONVERSION = YES;
				CLANG_WARN_INFINITE_RECURSION = YES;
				CLANG_WARN_INT_CONVERSION = YES;
				CLANG_WARN_NON_LITERAL_NULL_CONVERSION = YES;
				CLANG_WARN_OBJC_IMPLICIT_RETAIN_SELF = YES;
				CLANG_WARN_OBJC_LITERAL_CONVERSION = YES;
				CLANG_WARN_OBJC_ROOT_CLASS = YES_ERROR;
				CLANG_WARN_QUOTED_INCLUDE_IN_FRAMEWORK_HEADER = YES;
				CLANG_WARN_RANGE_LOOP_ANALYSIS = YES;
				CLANG_WARN_STRICT_PROTOTYPES = YES;
				CLANG_WARN_SUSPICIOUS_MOVE = YES;
				CLANG_WARN_UNGUARDED_AVAILABILITY = YES_AGGRESSIVE;
				CLANG_WARN_UNREACHABLE_CODE = YES;
				CLANG_WARN__DUPLICATE_METHOD_MATCH = YES;
				COPY_PHASE_STRIP = NO;
				DEBUG_INFORMATION_FORMAT = "dwarf-with-dsym";
				ENABLE_NS_ASSERTIONS = NO;
				ENABLE_STRICT_OBJC_MSGSEND = YES;
				GCC_C_LANGUAGE_STANDARD = gnu11;
				GCC_NO_COMMON_BLOCKS = YES;
				GCC_WARN_64_TO_32_BIT_CONVERSION = YES;
				GCC_WARN_ABOUT_RETURN_TYPE = YES_ERROR;
				GCC_WARN_UNDECLARED_SELECTOR = YES;
				GCC_WARN_UNINITIALIZED_AUTOS = YES_AGGRESSIVE;
				GCC_WARN_UNUSED_FUNCTION = YES;
				GCC_WARN_UNUSED_VARIABLE = YES;
				IPHONEOS_DEPLOYMENT_TARGET = 14.4;
				MTL_ENABLE_DEBUG_INFO = NO;
				MTL_FAST_MATH = YES;
				SDKROOT = iphoneos;
				SWIFT_COMPILATION_MODE = wholemodule;
				SWIFT_OPTIMIZATION_LEVEL = "-O";
				VALIDATE_PRODUCT = YES;
			};
			name = Release;
		};
		B4C4AB1026FE186400A74C12 /* Debug */ = {
			isa = XCBuildConfiguration;
			buildSettings = {
				ASSETCATALOG_COMPILER_APPICON_NAME = AppIcon;
				ASSETCATALOG_COMPILER_GLOBAL_ACCENT_COLOR_NAME = AccentColor;
				CODE_SIGN_STYLE = Automatic;
				INFOPLIST_FILE = AppTableViewIntro/Info.plist;
				LD_RUNPATH_SEARCH_PATHS = (
					"$(inherited)",
					"@executable_path/Frameworks",
				);
				PRODUCT_BUNDLE_IDENTIFIER = com.icologic.Tecnologia.iOS.AppTableViewIntro;
				PRODUCT_NAME = "$(TARGET_NAME)";
				SWIFT_VERSION = 5.0;
				TARGETED_DEVICE_FAMILY = 1;
			};
			name = Debug;
		};
		B4C4AB1126FE186400A74C12 /* Release */ = {
			isa = XCBuildConfiguration;
			buildSettings = {
				ASSETCATALOG_COMPILER_APPICON_NAME = AppIcon;
				ASSETCATALOG_COMPILER_GLOBAL_ACCENT_COLOR_NAME = AccentColor;
				CODE_SIGN_STYLE = Automatic;
				INFOPLIST_FILE = AppTableViewIntro/Info.plist;
				LD_RUNPATH_SEARCH_PATHS = (
					"$(inherited)",
					"@executable_path/Frameworks",
				);
				PRODUCT_BUNDLE_IDENTIFIER = com.icologic.Tecnologia.iOS.AppTableViewIntro;
				PRODUCT_NAME = "$(TARGET_NAME)";
				SWIFT_VERSION = 5.0;
				TARGETED_DEVICE_FAMILY = 1;
			};
			name = Release;
		};
/* End XCBuildConfiguration section */

/* Begin XCConfigurationList section */
		B4C4AAF626FE186300A74C12 /* Build configuration list for PBXProject "AppTableViewIntro" */ = {
			isa = XCConfigurationList;
			buildConfigurations = (
				B4C4AB0D26FE186400A74C12 /* Debug */,
				B4C4AB0E26FE186400A74C12 /* Release */,
			);
			defaultConfigurationIsVisible = 0;
			defaultConfigurationName = Release;
		};
		B4C4AB0F26FE186400A74C12 /* Build configuration list for PBXNativeTarget "AppTableViewIntro" */ = {
			isa = XCConfigurationList;
			buildConfigurations = (
				B4C4AB1026FE186400A74C12 /* Debug */,
				B4C4AB1126FE186400A74C12 /* Release */,
			);
			defaultConfigurationIsVisible = 0;
			defaultConfigurationName = Release;
		};
/* End XCConfigurationList section */
	};
	rootObject = B4C4AAF326FE186300A74C12 /* Project object */;
}
